
Microsoft Visual Studio Solution File, Format Version 12.00
# Visual Studio Version 16
VisualStudioVersion = 16.0.31019.35
MinimumVisualStudioVersion = 10.0.40219.1
Project("{FAE04EC0-301F-11D3-BF4B-00C04F79EFBC}") = "Singleton1", "Singleton1\Singleton1.csproj", "{013818F2-771F-4844-B37E-C7D915655206}"
EndProject
Global
	GlobalSection(SolutionConfigurationPlatforms) = preSolution
		Debug|Any CPU = Debug|Any CPU
		Release|Any CPU = Release|Any CPU
	EndGlobalSection
	GlobalSection(ProjectConfigurationPlatforms) = postSolution
		{013818F2-771F-4844-B37E-C7D915655206}.Debug|Any CPU.ActiveCfg = Debug|Any CPU
		{013818F2-771F-4844-B37E-C7D915655206}.Debug|Any CPU.Build.0 = Debug|Any CPU
		{013818F2-771F-4844-B37E-C7D915655206}.Release|Any CPU.ActiveCfg = Release|Any CPU
		{013818F2-771F-4844-B37E-C7D915655206}.Release|Any CPU.Build.0 = Release|Any CPU
	EndGlobalSection
	GlobalSection(SolutionProperties) = preSolution
		HideSolutionNode = FALSE
	EndGlobalSection
	GlobalSection(ExtensibilityGlobals) = postSolution
		SolutionGuid = {8B874C49-5075-4D88-BB2A-E194F4DF1093}
	EndGlobalSection
EndGlobal
