
Microsoft Visual Studio Solution File, Format Version 12.00
# Visual Studio Version 16
VisualStudioVersion = 16.0.31702.278
MinimumVisualStudioVersion = 10.0.40219.1
Project("{FAE04EC0-301F-11D3-BF4B-00C04F79EFBC}") = "StatePattern.Classic", "StatePattern\StatePattern.Classic.csproj", "{1C06A037-E870-4D7C-BC57-4054CD8DB706}"
EndProject
Project("{FAE04EC0-301F-11D3-BF4B-00C04F79EFBC}") = "StatPattern.Handmade", "StatPattern.Handmade\StatPattern.Handmade.csproj", "{8EE6D493-6A33-4CD9-9488-96E42B3D383C}"
EndProject
Project("{FAE04EC0-301F-11D3-BF4B-00C04F79EFBC}") = "StatePattern.SwitchBased", "StatePattern.SwitchBased\StatePattern.SwitchBased.csproj", "{6D688EDC-523C-4683-8387-200575BE1E66}"
EndProject
Project("{FAE04EC0-301F-11D3-BF4B-00C04F79EFBC}") = "StatePattern.SwitchExpressions", "StatePattern.SwitchExpressions\StatePattern.SwitchExpressions.csproj", "{4D7E848F-036E-46C1-A22A-794220030056}"
EndProject
Project("{FAE04EC0-301F-11D3-BF4B-00C04F79EFBC}") = "StatePattern.Stateless", "StatePattern.Stateless\StatePattern.Stateless.csproj", "{C06970EA-CC3F-468E-B13E-B840080E2D81}"
EndProject
Project("{FAE04EC0-301F-11D3-BF4B-00C04F79EFBC}") = "StatePattern.Example", "StatePattern.Example\StatePattern.Example.csproj", "{14D19A5E-FF36-4EF6-A6E2-ED77858610F7}"
EndProject
Global
	GlobalSection(SolutionConfigurationPlatforms) = preSolution
		Debug|Any CPU = Debug|Any CPU
		Release|Any CPU = Release|Any CPU
	EndGlobalSection
	GlobalSection(ProjectConfigurationPlatforms) = postSolution
		{1C06A037-E870-4D7C-BC57-4054CD8DB706}.Debug|Any CPU.ActiveCfg = Debug|Any CPU
		{1C06A037-E870-4D7C-BC57-4054CD8DB706}.Debug|Any CPU.Build.0 = Debug|Any CPU
		{1C06A037-E870-4D7C-BC57-4054CD8DB706}.Release|Any CPU.ActiveCfg = Release|Any CPU
		{1C06A037-E870-4D7C-BC57-4054CD8DB706}.Release|Any CPU.Build.0 = Release|Any CPU
		{8EE6D493-6A33-4CD9-9488-96E42B3D383C}.Debug|Any CPU.ActiveCfg = Debug|Any CPU
		{8EE6D493-6A33-4CD9-9488-96E42B3D383C}.Debug|Any CPU.Build.0 = Debug|Any CPU
		{8EE6D493-6A33-4CD9-9488-96E42B3D383C}.Release|Any CPU.ActiveCfg = Release|Any CPU
		{8EE6D493-6A33-4CD9-9488-96E42B3D383C}.Release|Any CPU.Build.0 = Release|Any CPU
		{6D688EDC-523C-4683-8387-200575BE1E66}.Debug|Any CPU.ActiveCfg = Debug|Any CPU
		{6D688EDC-523C-4683-8387-200575BE1E66}.Debug|Any CPU.Build.0 = Debug|Any CPU
		{6D688EDC-523C-4683-8387-200575BE1E66}.Release|Any CPU.ActiveCfg = Release|Any CPU
		{6D688EDC-523C-4683-8387-200575BE1E66}.Release|Any CPU.Build.0 = Release|Any CPU
		{4D7E848F-036E-46C1-A22A-794220030056}.Debug|Any CPU.ActiveCfg = Debug|Any CPU
		{4D7E848F-036E-46C1-A22A-794220030056}.Debug|Any CPU.Build.0 = Debug|Any CPU
		{4D7E848F-036E-46C1-A22A-794220030056}.Release|Any CPU.ActiveCfg = Release|Any CPU
		{4D7E848F-036E-46C1-A22A-794220030056}.Release|Any CPU.Build.0 = Release|Any CPU
		{C06970EA-CC3F-468E-B13E-B840080E2D81}.Debug|Any CPU.ActiveCfg = Debug|Any CPU
		{C06970EA-CC3F-468E-B13E-B840080E2D81}.Debug|Any CPU.Build.0 = Debug|Any CPU
		{C06970EA-CC3F-468E-B13E-B840080E2D81}.Release|Any CPU.ActiveCfg = Release|Any CPU
		{C06970EA-CC3F-468E-B13E-B840080E2D81}.Release|Any CPU.Build.0 = Release|Any CPU
		{14D19A5E-FF36-4EF6-A6E2-ED77858610F7}.Debug|Any CPU.ActiveCfg = Debug|Any CPU
		{14D19A5E-FF36-4EF6-A6E2-ED77858610F7}.Debug|Any CPU.Build.0 = Debug|Any CPU
		{14D19A5E-FF36-4EF6-A6E2-ED77858610F7}.Release|Any CPU.ActiveCfg = Release|Any CPU
		{14D19A5E-FF36-4EF6-A6E2-ED77858610F7}.Release|Any CPU.Build.0 = Release|Any CPU
	EndGlobalSection
	GlobalSection(SolutionProperties) = preSolution
		HideSolutionNode = FALSE
	EndGlobalSection
	GlobalSection(ExtensibilityGlobals) = postSolution
		SolutionGuid = {E9ADE142-CBA7-40FB-B060-0968C5E133EC}
	EndGlobalSection
EndGlobal
