
Microsoft Visual Studio Solution File, Format Version 12.00
# Visual Studio Version 16
VisualStudioVersion = 16.0.31402.337
MinimumVisualStudioVersion = 10.0.40219.1
Project("{FAE04EC0-301F-11D3-BF4B-00C04F79EFBC}") = "DynamicVariableExample", "DynamicVariableExample\DynamicVariableExample.csproj", "{FBA6CEC7-835E-4973-94E5-89840B8F0388}"
EndProject
Project("{FAE04EC0-301F-11D3-BF4B-00C04F79EFBC}") = "DynamicObjectExample", "DynamicObjectExample\DynamicObjectExample.csproj", "{2CAE0B81-F436-420D-9A78-88FDA45F2806}"
EndProject
Global
	GlobalSection(SolutionConfigurationPlatforms) = preSolution
		Debug|Any CPU = Debug|Any CPU
		Release|Any CPU = Release|Any CPU
	EndGlobalSection
	GlobalSection(ProjectConfigurationPlatforms) = postSolution
		{FBA6CEC7-835E-4973-94E5-89840B8F0388}.Debug|Any CPU.ActiveCfg = Debug|Any CPU
		{FBA6CEC7-835E-4973-94E5-89840B8F0388}.Debug|Any CPU.Build.0 = Debug|Any CPU
		{FBA6CEC7-835E-4973-94E5-89840B8F0388}.Release|Any CPU.ActiveCfg = Release|Any CPU
		{FBA6CEC7-835E-4973-94E5-89840B8F0388}.Release|Any CPU.Build.0 = Release|Any CPU
		{2CAE0B81-F436-420D-9A78-88FDA45F2806}.Debug|Any CPU.ActiveCfg = Debug|Any CPU
		{2CAE0B81-F436-420D-9A78-88FDA45F2806}.Debug|Any CPU.Build.0 = Debug|Any CPU
		{2CAE0B81-F436-420D-9A78-88FDA45F2806}.Release|Any CPU.ActiveCfg = Release|Any CPU
		{2CAE0B81-F436-420D-9A78-88FDA45F2806}.Release|Any CPU.Build.0 = Release|Any CPU
	EndGlobalSection
	GlobalSection(SolutionProperties) = preSolution
		HideSolutionNode = FALSE
	EndGlobalSection
	GlobalSection(ExtensibilityGlobals) = postSolution
		SolutionGuid = {C3C8DCE6-AB6E-4934-9801-734DF90E3E6A}
	EndGlobalSection
EndGlobal
