
Microsoft Visual Studio Solution File, Format Version 12.00
# Visual Studio Version 16
VisualStudioVersion = 16.0.31112.23
MinimumVisualStudioVersion = 10.0.40219.1
Project("{FAE04EC0-301F-11D3-BF4B-00C04F79EFBC}") = "EmployeeReport", "EmployeeReport\EmployeeReport.csproj", "{F6C99591-7393-414B-8B13-7A3D2B55BADD}"
EndProject
Global
	GlobalSection(SolutionConfigurationPlatforms) = preSolution
		Debug|Any CPU = Debug|Any CPU
		Release|Any CPU = Release|Any CPU
	EndGlobalSection
	GlobalSection(ProjectConfigurationPlatforms) = postSolution
		{F6C99591-7393-414B-8B13-7A3D2B55BADD}.Debug|Any CPU.ActiveCfg = Debug|Any CPU
		{F6C99591-7393-414B-8B13-7A3D2B55BADD}.Debug|Any CPU.Build.0 = Debug|Any CPU
		{F6C99591-7393-414B-8B13-7A3D2B55BADD}.Release|Any CPU.ActiveCfg = Release|Any CPU
		{F6C99591-7393-414B-8B13-7A3D2B55BADD}.Release|Any CPU.Build.0 = Release|Any CPU
	EndGlobalSection
	GlobalSection(SolutionProperties) = preSolution
		HideSolutionNode = FALSE
	EndGlobalSection
	GlobalSection(ExtensibilityGlobals) = postSolution
		SolutionGuid = {A88666A4-914A-4C7D-BBF4-B651A91F66F3}
	EndGlobalSection
EndGlobal
