
Microsoft Visual Studio Solution File, Format Version 12.00
# Visual Studio Version 16
VisualStudioVersion = 16.0.31702.278
MinimumVisualStudioVersion = 10.0.40219.1
Project("{FAE04EC0-301F-11D3-BF4B-00C04F79EFBC}") = "Interpreter", "Interpreter\Interpreter.csproj", "{9BDD2FD3-1DD7-4759-B66F-E928AB53F961}"
EndProject
Project("{FAE04EC0-301F-11D3-BF4B-00C04F79EFBC}") = "InterpreterExample1", "InterpreterExample1\InterpreterExample1.csproj", "{D2617596-4C50-499B-AA79-6554FE193E4A}"
EndProject
Global
	GlobalSection(SolutionConfigurationPlatforms) = preSolution
		Debug|Any CPU = Debug|Any CPU
		Release|Any CPU = Release|Any CPU
	EndGlobalSection
	GlobalSection(ProjectConfigurationPlatforms) = postSolution
		{9BDD2FD3-1DD7-4759-B66F-E928AB53F961}.Debug|Any CPU.ActiveCfg = Debug|Any CPU
		{9BDD2FD3-1DD7-4759-B66F-E928AB53F961}.Debug|Any CPU.Build.0 = Debug|Any CPU
		{9BDD2FD3-1DD7-4759-B66F-E928AB53F961}.Release|Any CPU.ActiveCfg = Release|Any CPU
		{9BDD2FD3-1DD7-4759-B66F-E928AB53F961}.Release|Any CPU.Build.0 = Release|Any CPU
		{D2617596-4C50-499B-AA79-6554FE193E4A}.Debug|Any CPU.ActiveCfg = Debug|Any CPU
		{D2617596-4C50-499B-AA79-6554FE193E4A}.Debug|Any CPU.Build.0 = Debug|Any CPU
		{D2617596-4C50-499B-AA79-6554FE193E4A}.Release|Any CPU.ActiveCfg = Release|Any CPU
		{D2617596-4C50-499B-AA79-6554FE193E4A}.Release|Any CPU.Build.0 = Release|Any CPU
	EndGlobalSection
	GlobalSection(SolutionProperties) = preSolution
		HideSolutionNode = FALSE
	EndGlobalSection
	GlobalSection(ExtensibilityGlobals) = postSolution
		SolutionGuid = {DA61CB6E-BBBF-4CA9-8D8A-3FEF53744CC3}
	EndGlobalSection
EndGlobal
